// !$*UTF8*$!
{
	archiveVersion = 1;
	classes = {
	};
	objectVersion = 56;
	objects = {

/* Begin PBXBuildFile section */
		1B943C102916877C00B066AD /* AppDelegate.swift in Sources */ = {isa = PBXBuildFile; fileRef = 1B943C0F2916877C00B066AD /* AppDelegate.swift */; };
		1B943C122916877C00B066AD /* SceneDelegate.swift in Sources */ = {isa = PBXBuildFile; fileRef = 1B943C112916877C00B066AD /* SceneDelegate.swift */; };
		1B943C142916877C00B066AD /* ViewController.swift in Sources */ = {isa = PBXBuildFile; fileRef = 1B943C132916877C00B066AD /* ViewController.swift */; };
		1B943C172916877C00B066AD /* Main.storyboard in Resources */ = {isa = PBXBuildFile; fileRef = 1B943C152916877C00B066AD /* Main.storyboard */; };
		1B943C192916877D00B066AD /* Assets.xcassets in Resources */ = {isa = PBXBuildFile; fileRef = 1B943C182916877D00B066AD /* Assets.xcassets */; };
		1B943C1C2916877D00B066AD /* LaunchScreen.storyboard in Resources */ = {isa = PBXBuildFile; fileRef = 1B943C1A2916877D00B066AD /* LaunchScreen.storyboard */; };
		1B943C272916877D00B066AD /* swift_counterTests.swift in Sources */ = {isa = PBXBuildFile; fileRef = 1B943C262916877D00B066AD /* swift_counterTests.swift */; };
		1B943C312916877D00B066AD /* swift_counterUITests.swift in Sources */ = {isa = PBXBuildFile; fileRef = 1B943C302916877D00B066AD /* swift_counterUITests.swift */; };
		1B943C332916877D00B066AD /* swift_counterUITestsLaunchTests.swift in Sources */ = {isa = PBXBuildFile; fileRef = 1B943C322916877D00B066AD /* swift_counterUITestsLaunchTests.swift */; };
/* End PBXBuildFile section */

/* Begin PBXContainerItemProxy section */
		1B943C232916877D00B066AD /* PBXContainerItemProxy */ = {
			isa = PBXContainerItemProxy;
			containerPortal = 1B943C042916877C00B066AD /* Project object */;
			proxyType = 1;
			remoteGlobalIDString = 1B943C0B2916877C00B066AD;
			remoteInfo = swift_counter;
		};
		1B943C2D2916877D00B066AD /* PBXContainerItemProxy */ = {
			isa = PBXContainerItemProxy;
			containerPortal = 1B943C042916877C00B066AD /* Project object */;
			proxyType = 1;
			remoteGlobalIDString = 1B943C0B2916877C00B066AD;
			remoteInfo = swift_counter;
		};
/* End PBXContainerItemProxy section */

/* Begin PBXFileReference section */
		1B943C0C2916877C00B066AD /* swift_counter.app */ = {isa = PBXFileReference; explicitFileType = wrapper.application; includeInIndex = 0; path = swift_counter.app; sourceTree = BUILT_PRODUCTS_DIR; };
		1B943C0F2916877C00B066AD /* AppDelegate.swift */ = {isa = PBXFileReference; lastKnownFileType = sourcecode.swift; path = AppDelegate.swift; sourceTree = "<group>"; };
		1B943C112916877C00B066AD /* SceneDelegate.swift */ = {isa = PBXFileReference; lastKnownFileType = sourcecode.swift; path = SceneDelegate.swift; sourceTree = "<group>"; };
		1B943C132916877C00B066AD /* ViewController.swift */ = {isa = PBXFileReference; lastKnownFileType = sourcecode.swift; path = ViewController.swift; sourceTree = "<group>"; };
		1B943C162916877C00B066AD /* Base */ = {isa = PBXFileReference; lastKnownFileType = file.storyboard; name = Base; path = Base.lproj/Main.storyboard; sourceTree = "<group>"; };
		1B943C182916877D00B066AD /* Assets.xcassets */ = {isa = PBXFileReference; lastKnownFileType = folder.assetcatalog; path = Assets.xcassets; sourceTree = "<group>"; };
		1B943C1B2916877D00B066AD /* Base */ = {isa = PBXFileReference; lastKnownFileType = file.storyboard; name = Base; path = Base.lproj/LaunchScreen.storyboard; sourceTree = "<group>"; };
		1B943C1D2916877D00B066AD /* Info.plist */ = {isa = PBXFileReference; lastKnownFileType = text.plist.xml; path = Info.plist; sourceTree = "<group>"; };
		1B943C222916877D00B066AD /* swift_counterTests.xctest */ = {isa = PBXFileReference; explicitFileType = wrapper.cfbundle; includeInIndex = 0; path = swift_counterTests.xctest; sourceTree = BUILT_PRODUCTS_DIR; };
		1B943C262916877D00B066AD /* swift_counterTests.swift */ = {isa = PBXFileReference; lastKnownFileType = sourcecode.swift; path = swift_counterTests.swift; sourceTree = "<group>"; };
		1B943C2C2916877D00B066AD /* swift_counterUITests.xctest */ = {isa = PBXFileReference; explicitFileType = wrapper.cfbundle; includeInIndex = 0; path = swift_counterUITests.xctest; sourceTree = BUILT_PRODUCTS_DIR; };
		1B943C302916877D00B066AD /* swift_counterUITests.swift */ = {isa = PBXFileReference; lastKnownFileType = sourcecode.swift; path = swift_counterUITests.swift; sourceTree = "<group>"; };
		1B943C322916877D00B066AD /* swift_counterUITestsLaunchTests.swift */ = {isa = PBXFileReference; lastKnownFileType = sourcecode.swift; path = swift_counterUITestsLaunchTests.swift; sourceTree = "<group>"; };
/* End PBXFileReference section */

/* Begin PBXFrameworksBuildPhase section */
		1B943C092916877C00B066AD /* Frameworks */ = {
			isa = PBXFrameworksBuildPhase;
			buildActionMask = 2147483647;
			files = (
			);
			runOnlyForDeploymentPostprocessing = 0;
		};
		1B943C1F2916877D00B066AD /* Frameworks */ = {
			isa = PBXFrameworksBuildPhase;
			buildActionMask = 2147483647;
			files = (
			);
			runOnlyForDeploymentPostprocessing = 0;
		};
		1B943C292916877D00B066AD /* Frameworks */ = {
			isa = PBXFrameworksBuildPhase;
			buildActionMask = 2147483647;
			files = (
			);
			runOnlyForDeploymentPostprocessing = 0;
		};
/* End PBXFrameworksBuildPhase section */

/* Begin PBXGroup section */
		1B943C032916877C00B066AD = {
			isa = PBXGroup;
			children = (
				1B943C0E2916877C00B066AD /* swift_counter */,
				1B943C252916877D00B066AD /* swift_counterTests */,
				1B943C2F2916877D00B066AD /* swift_counterUITests */,
				1B943C0D2916877C00B066AD /* Products */,
			);
			sourceTree = "<group>";
		};
		1B943C0D2916877C00B066AD /* Products */ = {
			isa = PBXGroup;
			children = (
				1B943C0C2916877C00B066AD /* swift_counter.app */,
				1B943C222916877D00B066AD /* swift_counterTests.xctest */,
				1B943C2C2916877D00B066AD /* swift_counterUITests.xctest */,
			);
			name = Products;
			sourceTree = "<group>";
		};
		1B943C0E2916877C00B066AD /* swift_counter */ = {
			isa = PBXGroup;
			children = (
				1B943C0F2916877C00B066AD /* AppDelegate.swift */,
				1B943C112916877C00B066AD /* SceneDelegate.swift */,
				1B943C132916877C00B066AD /* ViewController.swift */,
				1B943C152916877C00B066AD /* Main.storyboard */,
				1B943C182916877D00B066AD /* Assets.xcassets */,
				1B943C1A2916877D00B066AD /* LaunchScreen.storyboard */,
				1B943C1D2916877D00B066AD /* Info.plist */,
			);
			path = swift_counter;
			sourceTree = "<group>";
		};
		1B943C252916877D00B066AD /* swift_counterTests */ = {
			isa = PBXGroup;
			children = (
				1B943C262916877D00B066AD /* swift_counterTests.swift */,
			);
			path = swift_counterTests;
			sourceTree = "<group>";
		};
		1B943C2F2916877D00B066AD /* swift_counterUITests */ = {
			isa = PBXGroup;
			children = (
				1B943C302916877D00B066AD /* swift_counterUITests.swift */,
				1B943C322916877D00B066AD /* swift_counterUITestsLaunchTests.swift */,
			);
			path = swift_counterUITests;
			sourceTree = "<group>";
		};
/* End PBXGroup section */

/* Begin PBXNativeTarget section */
		1B943C0B2916877C00B066AD /* swift_counter */ = {
			isa = PBXNativeTarget;
			buildConfigurationList = 1B943C362916877D00B066AD /* Build configuration list for PBXNativeTarget "swift_counter" */;
			buildPhases = (
				1B943C082916877C00B066AD /* Sources */,
				1B943C092916877C00B066AD /* Frameworks */,
				1B943C0A2916877C00B066AD /* Resources */,
			);
			buildRules = (
			);
			dependencies = (
			);
			name = swift_counter;
			productName = swift_counter;
			productReference = 1B943C0C2916877C00B066AD /* swift_counter.app */;
			productType = "com.apple.product-type.application";
		};
		1B943C212916877D00B066AD /* swift_counterTests */ = {
			isa = PBXNativeTarget;
			buildConfigurationList = 1B943C392916877D00B066AD /* Build configuration list for PBXNativeTarget "swift_counterTests" */;
			buildPhases = (
				1B943C1E2916877D00B066AD /* Sources */,
				1B943C1F2916877D00B066AD /* Frameworks */,
				1B943C202916877D00B066AD /* Resources */,
			);
			buildRules = (
			);
			dependencies = (
				1B943C242916877D00B066AD /* PBXTargetDependency */,
			);
			name = swift_counterTests;
			productName = swift_counterTests;
			productReference = 1B943C222916877D00B066AD /* swift_counterTests.xctest */;
			productType = "com.apple.product-type.bundle.unit-test";
		};
		1B943C2B2916877D00B066AD /* swift_counterUITests */ = {
			isa = PBXNativeTarget;
			buildConfigurationList = 1B943C3C2916877D00B066AD /* Build configuration list for PBXNativeTarget "swift_counterUITests" */;
			buildPhases = (
				1B943C282916877D00B066AD /* Sources */,
				1B943C292916877D00B066AD /* Frameworks */,
				1B943C2A2916877D00B066AD /* Resources */,
			);
			buildRules = (
			);
			dependencies = (
				1B943C2E2916877D00B066AD /* PBXTargetDependency */,
			);
			name = swift_counterUITests;
			productName = swift_counterUITests;
			productReference = 1B943C2C2916877D00B066AD /* swift_counterUITests.xctest */;
			productType = "com.apple.product-type.bundle.ui-testing";
		};
/* End PBXNativeTarget section */

/* Begin PBXProject section */
		1B943C042916877C00B066AD /* Project object */ = {
			isa = PBXProject;
			attributes = {
				BuildIndependentTargetsInParallel = 1;
				LastSwiftUpdateCheck = 1410;
				LastUpgradeCheck = 1410;
				TargetAttributes = {
					1B943C0B2916877C00B066AD = {
						CreatedOnToolsVersion = 14.1;
					};
					1B943C212916877D00B066AD = {
						CreatedOnToolsVersion = 14.1;
						TestTargetID = 1B943C0B2916877C00B066AD;
					};
					1B943C2B2916877D00B066AD = {
						CreatedOnToolsVersion = 14.1;
						TestTargetID = 1B943C0B2916877C00B066AD;
					};
				};
			};
			buildConfigurationList = 1B943C072916877C00B066AD /* Build configuration list for PBXProject "swift_counter" */;
			compatibilityVersion = "Xcode 14.0";
			developmentRegion = en;
			hasScannedForEncodings = 0;
			knownRegions = (
				en,
				Base,
			);
			mainGroup = 1B943C032916877C00B066AD;
			productRefGroup = 1B943C0D2916877C00B066AD /* Products */;
			projectDirPath = "";
			projectRoot = "";
			targets = (
				1B943C0B2916877C00B066AD /* swift_counter */,
				1B943C212916877D00B066AD /* swift_counterTests */,
				1B943C2B2916877D00B066AD /* swift_counterUITests */,
			);
		};
/* End PBXProject section */

/* Begin PBXResourcesBuildPhase section */
		1B943C0A2916877C00B066AD /* Resources */ = {
			isa = PBXResourcesBuildPhase;
			buildActionMask = 2147483647;
			files = (
				1B943C1C2916877D00B066AD /* LaunchScreen.storyboard in Resources */,
				1B943C192916877D00B066AD /* Assets.xcassets in Resources */,
				1B943C172916877C00B066AD /* Main.storyboard in Resources */,
			);
			runOnlyForDeploymentPostprocessing = 0;
		};
		1B943C202916877D00B066AD /* Resources */ = {
			isa = PBXResourcesBuildPhase;
			buildActionMask = 2147483647;
			files = (
			);
			runOnlyForDeploymentPostprocessing = 0;
		};
		1B943C2A2916877D00B066AD /* Resources */ = {
			isa = PBXResourcesBuildPhase;
			buildActionMask = 2147483647;
			files = (
			);
			runOnlyForDeploymentPostprocessing = 0;
		};
/* End PBXResourcesBuildPhase section */

/* Begin PBXSourcesBuildPhase section */
		1B943C082916877C00B066AD /* Sources */ = {
			isa = PBXSourcesBuildPhase;
			buildActionMask = 2147483647;
			files = (
				1B943C142916877C00B066AD /* ViewController.swift in Sources */,
				1B943C102916877C00B066AD /* AppDelegate.swift in Sources */,
				1B943C122916877C00B066AD /* SceneDelegate.swift in Sources */,
			);
			runOnlyForDeploymentPostprocessing = 0;
		};
		1B943C1E2916877D00B066AD /* Sources */ = {
			isa = PBXSourcesBuildPhase;
			buildActionMask = 2147483647;
			files = (
				1B943C272916877D00B066AD /* swift_counterTests.swift in Sources */,
			);
			runOnlyForDeploymentPostprocessing = 0;
		};
		1B943C282916877D00B066AD /* Sources */ = {
			isa = PBXSourcesBuildPhase;
			buildActionMask = 2147483647;
			files = (
				1B943C312916877D00B066AD /* swift_counterUITests.swift in Sources */,
				1B943C332916877D00B066AD /* swift_counterUITestsLaunchTests.swift in Sources */,
			);
			runOnlyForDeploymentPostprocessing = 0;
		};
/* End PBXSourcesBuildPhase section */

/* Begin PBXTargetDependency section */
		1B943C242916877D00B066AD /* PBXTargetDependency */ = {
			isa = PBXTargetDependency;
			target = 1B943C0B2916877C00B066AD /* swift_counter */;
			targetProxy = 1B943C232916877D00B066AD /* PBXContainerItemProxy */;
		};
		1B943C2E2916877D00B066AD /* PBXTargetDependency */ = {
			isa = PBXTargetDependency;
			target = 1B943C0B2916877C00B066AD /* swift_counter */;
			targetProxy = 1B943C2D2916877D00B066AD /* PBXContainerItemProxy */;
		};
/* End PBXTargetDependency section */

/* Begin PBXVariantGroup section */
		1B943C152916877C00B066AD /* Main.storyboard */ = {
			isa = PBXVariantGroup;
			children = (
				1B943C162916877C00B066AD /* Base */,
			);
			name = Main.storyboard;
			sourceTree = "<group>";
		};
		1B943C1A2916877D00B066AD /* LaunchScreen.storyboard */ = {
			isa = PBXVariantGroup;
			children = (
				1B943C1B2916877D00B066AD /* Base */,
			);
			name = LaunchScreen.storyboard;
			sourceTree = "<group>";
		};
/* End PBXVariantGroup section */

/* Begin XCBuildConfiguration section */
		1B943C342916877D00B066AD /* Debug */ = {
			isa = XCBuildConfiguration;
			buildSettings = {
				ALWAYS_SEARCH_USER_PATHS = NO;
				CLANG_ANALYZER_NONNULL = YES;
				CLANG_ANALYZER_NUMBER_OBJECT_CONVERSION = YES_AGGRESSIVE;
				CLANG_CXX_LANGUAGE_STANDARD = "gnu++20";
				CLANG_ENABLE_MODULES = YES;
				CLANG_ENABLE_OBJC_ARC = YES;
				CLANG_ENABLE_OBJC_WEAK = YES;
				CLANG_WARN_BLOCK_CAPTURE_AUTORELEASING = YES;
				CLANG_WARN_BOOL_CONVERSION = YES;
				CLANG_WARN_COMMA = YES;
				CLANG_WARN_CONSTANT_CONVERSION = YES;
				CLANG_WARN_DEPRECATED_OBJC_IMPLEMENTATIONS = YES;
				CLANG_WARN_DIRECT_OBJC_ISA_USAGE = YES_ERROR;
				CLANG_WARN_DOCUMENTATION_COMMENTS = YES;
				CLANG_WARN_EMPTY_BODY = YES;
				CLANG_WARN_ENUM_CONVERSION = YES;
				CLANG_WARN_INFINITE_RECURSION = YES;
				CLANG_WARN_INT_CONVERSION = YES;
				CLANG_WARN_NON_LITERAL_NULL_CONVERSION = YES;
				CLANG_WARN_OBJC_IMPLICIT_RETAIN_SELF = YES;
				CLANG_WARN_OBJC_LITERAL_CONVERSION = YES;
				CLANG_WARN_OBJC_ROOT_CLASS = YES_ERROR;
				CLANG_WARN_QUOTED_INCLUDE_IN_FRAMEWORK_HEADER = YES;
				CLANG_WARN_RANGE_LOOP_ANALYSIS = YES;
				CLANG_WARN_STRICT_PROTOTYPES = YES;
				CLANG_WARN_SUSPICIOUS_MOVE = YES;
				CLANG_WARN_UNGUARDED_AVAILABILITY = YES_AGGRESSIVE;
				CLANG_WARN_UNREACHABLE_CODE = YES;
				CLANG_WARN__DUPLICATE_METHOD_MATCH = YES;
				COPY_PHASE_STRIP = NO;
				DEBUG_INFORMATION_FORMAT = dwarf;
				ENABLE_STRICT_OBJC_MSGSEND = YES;
				ENABLE_TESTABILITY = YES;
				GCC_C_LANGUAGE_STANDARD = gnu11;
				GCC_DYNAMIC_NO_PIC = NO;
				GCC_NO_COMMON_BLOCKS = YES;
				GCC_OPTIMIZATION_LEVEL = 0;
				GCC_PREPROCESSOR_DEFINITIONS = (
					"DEBUG=1",
					"$(inherited)",
				);
				GCC_WARN_64_TO_32_BIT_CONVERSION = YES;
				GCC_WARN_ABOUT_RETURN_TYPE = YES_ERROR;
				GCC_WARN_UNDECLARED_SELECTOR = YES;
				GCC_WARN_UNINITIALIZED_AUTOS = YES_AGGRESSIVE;
				GCC_WARN_UNUSED_FUNCTION = YES;
				GCC_WARN_UNUSED_VARIABLE = YES;
				IPHONEOS_DEPLOYMENT_TARGET = 16.1;
				MTL_ENABLE_DEBUG_INFO = INCLUDE_SOURCE;
				MTL_FAST_MATH = YES;
				ONLY_ACTIVE_ARCH = YES;
				SDKROOT = iphoneos;
				SWIFT_ACTIVE_COMPILATION_CONDITIONS = DEBUG;
				SWIFT_OPTIMIZATION_LEVEL = "-Onone";
			};
			name = Debug;
		};
		1B943C352916877D00B066AD /* Release */ = {
			isa = XCBuildConfiguration;
			buildSettings = {
				ALWAYS_SEARCH_USER_PATHS = NO;
				CLANG_ANALYZER_NONNULL = YES;
				CLANG_ANALYZER_NUMBER_OBJECT_CONVERSION = YES_AGGRESSIVE;
				CLANG_CXX_LANGUAGE_STANDARD = "gnu++20";
				CLANG_ENABLE_MODULES = YES;
				CLANG_ENABLE_OBJC_ARC = YES;
				CLANG_ENABLE_OBJC_WEAK = YES;
				CLANG_WARN_BLOCK_CAPTURE_AUTORELEASING = YES;
				CLANG_WARN_BOOL_CONVERSION = YES;
				CLANG_WARN_COMMA = YES;
				CLANG_WARN_CONSTANT_CONVERSION = YES;
				CLANG_WARN_DEPRECATED_OBJC_IMPLEMENTATIONS = YES;
				CLANG_WARN_DIRECT_OBJC_ISA_USAGE = YES_ERROR;
				CLANG_WARN_DOCUMENTATION_COMMENTS = YES;
				CLANG_WARN_EMPTY_BODY = YES;
				CLANG_WARN_ENUM_CONVERSION = YES;
				CLANG_WARN_INFINITE_RECURSION = YES;
				CLANG_WARN_INT_CONVERSION = YES;
				CLANG_WARN_NON_LITERAL_NULL_CONVERSION = YES;
				CLANG_WARN_OBJC_IMPLICIT_RETAIN_SELF = YES;
				CLANG_WARN_OBJC_LITERAL_CONVERSION = YES;
				CLANG_WARN_OBJC_ROOT_CLASS = YES_ERROR;
				CLANG_WARN_QUOTED_INCLUDE_IN_FRAMEWORK_HEADER = YES;
				CLANG_WARN_RANGE_LOOP_ANALYSIS = YES;
				CLANG_WARN_STRICT_PROTOTYPES = YES;
				CLANG_WARN_SUSPICIOUS_MOVE = YES;
				CLANG_WARN_UNGUARDED_AVAILABILITY = YES_AGGRESSIVE;
				CLANG_WARN_UNREACHABLE_CODE = YES;
				CLANG_WARN__DUPLICATE_METHOD_MATCH = YES;
				COPY_PHASE_STRIP = NO;
				DEBUG_INFORMATION_FORMAT = "dwarf-with-dsym";
				ENABLE_NS_ASSERTIONS = NO;
				ENABLE_STRICT_OBJC_MSGSEND = YES;
				GCC_C_LANGUAGE_STANDARD = gnu11;
				GCC_NO_COMMON_BLOCKS = YES;
				GCC_WARN_64_TO_32_BIT_CONVERSION = YES;
				GCC_WARN_ABOUT_RETURN_TYPE = YES_ERROR;
				GCC_WARN_UNDECLARED_SELECTOR = YES;
				GCC_WARN_UNINITIALIZED_AUTOS = YES_AGGRESSIVE;
				GCC_WARN_UNUSED_FUNCTION = YES;
				GCC_WARN_UNUSED_VARIABLE = YES;
				IPHONEOS_DEPLOYMENT_TARGET = 16.1;
				MTL_ENABLE_DEBUG_INFO = NO;
				MTL_FAST_MATH = YES;
				SDKROOT = iphoneos;
				SWIFT_COMPILATION_MODE = wholemodule;
				SWIFT_OPTIMIZATION_LEVEL = "-O";
				VALIDATE_PRODUCT = YES;
			};
			name = Release;
		};
		1B943C372916877D00B066AD /* Debug */ = {
			isa = XCBuildConfiguration;
			buildSettings = {
				ASSETCATALOG_COMPILER_APPICON_NAME = AppIcon;
				ASSETCATALOG_COMPILER_GLOBAL_ACCENT_COLOR_NAME = AccentColor;
				CODE_SIGN_STYLE = Automatic;
				CURRENT_PROJECT_VERSION = 1;
				DEVELOPMENT_TEAM = 45LJ72Z8FV;
				GENERATE_INFOPLIST_FILE = YES;
				INFOPLIST_FILE = swift_counter/Info.plist;
				INFOPLIST_KEY_UIApplicationSupportsIndirectInputEvents = YES;
				INFOPLIST_KEY_UILaunchStoryboardName = LaunchScreen;
				INFOPLIST_KEY_UIMainStoryboardFile = Main;
				INFOPLIST_KEY_UISupportedInterfaceOrientations_iPad = "UIInterfaceOrientationPortrait UIInterfaceOrientationPortraitUpsideDown UIInterfaceOrientationLandscapeLeft UIInterfaceOrientationLandscapeRight";
				INFOPLIST_KEY_UISupportedInterfaceOrientations_iPhone = "UIInterfaceOrientationPortrait UIInterfaceOrientationLandscapeLeft UIInterfaceOrientationLandscapeRight";
				LD_RUNPATH_SEARCH_PATHS = (
					"$(inherited)",
					"@executable_path/Frameworks",
				);
				MARKETING_VERSION = 1.0;
				PRODUCT_BUNDLE_IDENTIFIER = "w.swift-counter";
				PRODUCT_NAME = "$(TARGET_NAME)";
				SWIFT_EMIT_LOC_STRINGS = YES;
				SWIFT_VERSION = 5.0;
				TARGETED_DEVICE_FAMILY = "1,2";
			};
			name = Debug;
		};
		1B943C382916877D00B066AD /* Release */ = {
			isa = XCBuildConfiguration;
			buildSettings = {
				ASSETCATALOG_COMPILER_APPICON_NAME = AppIcon;
				ASSETCATALOG_COMPILER_GLOBAL_ACCENT_COLOR_NAME = AccentColor;
				CODE_SIGN_STYLE = Automatic;
				CURRENT_PROJECT_VERSION = 1;
				DEVELOPMENT_TEAM = 45LJ72Z8FV;
				GENERATE_INFOPLIST_FILE = YES;
				INFOPLIST_FILE = swift_counter/Info.plist;
				INFOPLIST_KEY_UIApplicationSupportsIndirectInputEvents = YES;
				INFOPLIST_KEY_UILaunchStoryboardName = LaunchScreen;
				INFOPLIST_KEY_UIMainStoryboardFile = Main;
				INFOPLIST_KEY_UISupportedInterfaceOrientations_iPad = "UIInterfaceOrientationPortrait UIInterfaceOrientationPortraitUpsideDown UIInterfaceOrientationLandscapeLeft UIInterfaceOrientationLandscapeRight";
				INFOPLIST_KEY_UISupportedInterfaceOrientations_iPhone = "UIInterfaceOrientationPortrait UIInterfaceOrientationLandscapeLeft UIInterfaceOrientationLandscapeRight";
				LD_RUNPATH_SEARCH_PATHS = (
					"$(inherited)",
					"@executable_path/Frameworks",
				);
				MARKETING_VERSION = 1.0;
				PRODUCT_BUNDLE_IDENTIFIER = "w.swift-counter";
				PRODUCT_NAME = "$(TARGET_NAME)";
				SWIFT_EMIT_LOC_STRINGS = YES;
				SWIFT_VERSION = 5.0;
				TARGETED_DEVICE_FAMILY = "1,2";
			};
			name = Release;
		};
		1B943C3A2916877D00B066AD /* Debug */ = {
			isa = XCBuildConfiguration;
			buildSettings = {
				ALWAYS_EMBED_SWIFT_STANDARD_LIBRARIES = YES;
				BUNDLE_LOADER = "$(TEST_HOST)";
				CODE_SIGN_STYLE = Automatic;
				CURRENT_PROJECT_VERSION = 1;
				DEVELOPMENT_TEAM = 45LJ72Z8FV;
				GENERATE_INFOPLIST_FILE = YES;
				IPHONEOS_DEPLOYMENT_TARGET = 16.1;
				MARKETING_VERSION = 1.0;
				PRODUCT_BUNDLE_IDENTIFIER = "w.swift-counterTests";
				PRODUCT_NAME = "$(TARGET_NAME)";
				SWIFT_EMIT_LOC_STRINGS = NO;
				SWIFT_VERSION = 5.0;
				TARGETED_DEVICE_FAMILY = "1,2";
				TEST_HOST = "$(BUILT_PRODUCTS_DIR)/swift_counter.app/$(BUNDLE_EXECUTABLE_FOLDER_PATH)/swift_counter";
			};
			name = Debug;
		};
		1B943C3B2916877D00B066AD /* Release */ = {
			isa = XCBuildConfiguration;
			buildSettings = {
				ALWAYS_EMBED_SWIFT_STANDARD_LIBRARIES = YES;
				BUNDLE_LOADER = "$(TEST_HOST)";
				CODE_SIGN_STYLE = Automatic;
				CURRENT_PROJECT_VERSION = 1;
				DEVELOPMENT_TEAM = 45LJ72Z8FV;
				GENERATE_INFOPLIST_FILE = YES;
				IPHONEOS_DEPLOYMENT_TARGET = 16.1;
				MARKETING_VERSION = 1.0;
				PRODUCT_BUNDLE_IDENTIFIER = "w.swift-counterTests";
				PRODUCT_NAME = "$(TARGET_NAME)";
				SWIFT_EMIT_LOC_STRINGS = NO;
				SWIFT_VERSION = 5.0;
				TARGETED_DEVICE_FAMILY = "1,2";
				TEST_HOST = "$(BUILT_PRODUCTS_DIR)/swift_counter.app/$(BUNDLE_EXECUTABLE_FOLDER_PATH)/swift_counter";
			};
			name = Release;
		};
		1B943C3D2916877D00B066AD /* Debug */ = {
			isa = XCBuildConfiguration;
			buildSettings = {
				ALWAYS_EMBED_SWIFT_STANDARD_LIBRARIES = YES;
				CODE_SIGN_STYLE = Automatic;
				CURRENT_PROJECT_VERSION = 1;
				DEVELOPMENT_TEAM = 45LJ72Z8FV;
				GENERATE_INFOPLIST_FILE = YES;
				MARKETING_VERSION = 1.0;
				PRODUCT_BUNDLE_IDENTIFIER = "w.swift-counterUITests";
				PRODUCT_NAME = "$(TARGET_NAME)";
				SWIFT_EMIT_LOC_STRINGS = NO;
				SWIFT_VERSION = 5.0;
				TARGETED_DEVICE_FAMILY = "1,2";
				TEST_TARGET_NAME = swift_counter;
			};
			name = Debug;
		};
		1B943C3E2916877D00B066AD /* Release */ = {
			isa = XCBuildConfiguration;
			buildSettings = {
				ALWAYS_EMBED_SWIFT_STANDARD_LIBRARIES = YES;
				CODE_SIGN_STYLE = Automatic;
				CURRENT_PROJECT_VERSION = 1;
				DEVELOPMENT_TEAM = 45LJ72Z8FV;
				GENERATE_INFOPLIST_FILE = YES;
				MARKETING_VERSION = 1.0;
				PRODUCT_BUNDLE_IDENTIFIER = "w.swift-counterUITests";
				PRODUCT_NAME = "$(TARGET_NAME)";
				SWIFT_EMIT_LOC_STRINGS = NO;
				SWIFT_VERSION = 5.0;
				TARGETED_DEVICE_FAMILY = "1,2";
				TEST_TARGET_NAME = swift_counter;
			};
			name = Release;
		};
/* End XCBuildConfiguration section */

/* Begin XCConfigurationList section */
		1B943C072916877C00B066AD /* Build configuration list for PBXProject "swift_counter" */ = {
			isa = XCConfigurationList;
			buildConfigurations = (
				1B943C342916877D00B066AD /* Debug */,
				1B943C352916877D00B066AD /* Release */,
			);
			defaultConfigurationIsVisible = 0;
			defaultConfigurationName = Release;
		};
		1B943C362916877D00B066AD /* Build configuration list for PBXNativeTarget "swift_counter" */ = {
			isa = XCConfigurationList;
			buildConfigurations = (
				1B943C372916877D00B066AD /* Debug */,
				1B943C382916877D00B066AD /* Release */,
			);
			defaultConfigurationIsVisible = 0;
			defaultConfigurationName = Release;
		};
		1B943C392916877D00B066AD /* Build configuration list for PBXNativeTarget "swift_counterTests" */ = {
			isa = XCConfigurationList;
			buildConfigurations = (
				1B943C3A2916877D00B066AD /* Debug */,
				1B943C3B2916877D00B066AD /* Release */,
			);
			defaultConfigurationIsVisible = 0;
			defaultConfigurationName = Release;
		};
		1B943C3C2916877D00B066AD /* Build configuration list for PBXNativeTarget "swift_counterUITests" */ = {
			isa = XCConfigurationList;
			buildConfigurations = (
				1B943C3D2916877D00B066AD /* Debug */,
				1B943C3E2916877D00B066AD /* Release */,
			);
			defaultConfigurationIsVisible = 0;
			defaultConfigurationName = Release;
		};
/* End XCConfigurationList section */
	};
	rootObject = 1B943C042916877C00B066AD /* Project object */;
}
